
Microsoft Visual Studio Solution File, Format Version 12.00
# Visual Studio 2012
Project("{FAE04EC0-301F-11D3-BF4B-00C04F79EFBC}") = "ZillowSharp.Domain", "ZillowSharp.Domain\ZillowSharp.Domain.csproj", "{D60878E8-10BF-4C5D-81E2-2B00CD64A0EC}"
EndProject
Project("{FAE04EC0-301F-11D3-BF4B-00C04F79EFBC}") = "ZillowSharp.DTOs", "ZillowSharp.DTOs\ZillowSharp.DTOs.csproj", "{3210BA11-FA50-415D-894E-CF9156B30BFA}"
EndProject
Project("{FAE04EC0-301F-11D3-BF4B-00C04F79EFBC}") = "ZillowSharp.Application", "ZillowSharp.Application\ZillowSharp.Application.csproj", "{05D661C5-F56E-45F1-B040-CB01C7ABF3D0}"
EndProject
Project("{2150E333-8FDC-42A3-9474-1A3956D46DE8}") = "Application", "Application", "{0D945672-8B35-4003-A21B-59BF7FE0CB91}"
EndProject
Project("{2150E333-8FDC-42A3-9474-1A3956D46DE8}") = "Domain", "Domain", "{3E5520FB-51A2-42F4-9BCC-F1B1C9CB6D9A}"
EndProject
Project("{2150E333-8FDC-42A3-9474-1A3956D46DE8}") = "Infrastructure", "Infrastructure", "{1520D9EF-A5B0-43D7-AB21-533A7AF3C7F8}"
EndProject
Project("{2150E333-8FDC-42A3-9474-1A3956D46DE8}") = "Interface", "Interface", "{9A2C0140-F348-4756-A5FA-B04800A609B2}"
EndProject
Project("{FAE04EC0-301F-11D3-BF4B-00C04F79EFBC}") = "ZillowSharp.Persistence.ZillowAPI", "ZillowSharp.Persistence.ZillowAPI\ZillowSharp.Persistence.ZillowAPI.csproj", "{094F961C-AF13-4994-BF75-CE1DE6A5C932}"
EndProject
Project("{2150E333-8FDC-42A3-9474-1A3956D46DE8}") = "Tests", "Tests", "{F9F2FFEB-729B-4450-960B-A3A831AC1E8D}"
EndProject
Project("{FAE04EC0-301F-11D3-BF4B-00C04F79EFBC}") = "ZillowSharp.Persisitence.ZillowAPI.UnitTests", "ZillowSharp.Persisitence.ZillowAPI.UnitTests\ZillowSharp.Persisitence.ZillowAPI.UnitTests.csproj", "{7D76D3E3-864B-4FCF-BA95-E910A120A003}"
EndProject
Global
	GlobalSection(SolutionConfigurationPlatforms) = preSolution
		Debug|Any CPU = Debug|Any CPU
		Release|Any CPU = Release|Any CPU
	EndGlobalSection
	GlobalSection(ProjectConfigurationPlatforms) = postSolution
		{D60878E8-10BF-4C5D-81E2-2B00CD64A0EC}.Debug|Any CPU.ActiveCfg = Debug|Any CPU
		{D60878E8-10BF-4C5D-81E2-2B00CD64A0EC}.Debug|Any CPU.Build.0 = Debug|Any CPU
		{D60878E8-10BF-4C5D-81E2-2B00CD64A0EC}.Release|Any CPU.ActiveCfg = Release|Any CPU
		{D60878E8-10BF-4C5D-81E2-2B00CD64A0EC}.Release|Any CPU.Build.0 = Release|Any CPU
		{3210BA11-FA50-415D-894E-CF9156B30BFA}.Debug|Any CPU.ActiveCfg = Debug|Any CPU
		{3210BA11-FA50-415D-894E-CF9156B30BFA}.Debug|Any CPU.Build.0 = Debug|Any CPU
		{3210BA11-FA50-415D-894E-CF9156B30BFA}.Release|Any CPU.ActiveCfg = Release|Any CPU
		{3210BA11-FA50-415D-894E-CF9156B30BFA}.Release|Any CPU.Build.0 = Release|Any CPU
		{05D661C5-F56E-45F1-B040-CB01C7ABF3D0}.Debug|Any CPU.ActiveCfg = Debug|Any CPU
		{05D661C5-F56E-45F1-B040-CB01C7ABF3D0}.Debug|Any CPU.Build.0 = Debug|Any CPU
		{05D661C5-F56E-45F1-B040-CB01C7ABF3D0}.Release|Any CPU.ActiveCfg = Release|Any CPU
		{05D661C5-F56E-45F1-B040-CB01C7ABF3D0}.Release|Any CPU.Build.0 = Release|Any CPU
		{094F961C-AF13-4994-BF75-CE1DE6A5C932}.Debug|Any CPU.ActiveCfg = Debug|Any CPU
		{094F961C-AF13-4994-BF75-CE1DE6A5C932}.Debug|Any CPU.Build.0 = Debug|Any CPU
		{094F961C-AF13-4994-BF75-CE1DE6A5C932}.Release|Any CPU.ActiveCfg = Release|Any CPU
		{094F961C-AF13-4994-BF75-CE1DE6A5C932}.Release|Any CPU.Build.0 = Release|Any CPU
		{7D76D3E3-864B-4FCF-BA95-E910A120A003}.Debug|Any CPU.ActiveCfg = Debug|Any CPU
		{7D76D3E3-864B-4FCF-BA95-E910A120A003}.Debug|Any CPU.Build.0 = Debug|Any CPU
		{7D76D3E3-864B-4FCF-BA95-E910A120A003}.Release|Any CPU.ActiveCfg = Release|Any CPU
		{7D76D3E3-864B-4FCF-BA95-E910A120A003}.Release|Any CPU.Build.0 = Release|Any CPU
	EndGlobalSection
	GlobalSection(SolutionProperties) = preSolution
		HideSolutionNode = FALSE
	EndGlobalSection
	GlobalSection(NestedProjects) = preSolution
		{D60878E8-10BF-4C5D-81E2-2B00CD64A0EC} = {3E5520FB-51A2-42F4-9BCC-F1B1C9CB6D9A}
		{3210BA11-FA50-415D-894E-CF9156B30BFA} = {9A2C0140-F348-4756-A5FA-B04800A609B2}
		{05D661C5-F56E-45F1-B040-CB01C7ABF3D0} = {0D945672-8B35-4003-A21B-59BF7FE0CB91}
		{094F961C-AF13-4994-BF75-CE1DE6A5C932} = {1520D9EF-A5B0-43D7-AB21-533A7AF3C7F8}
		{7D76D3E3-864B-4FCF-BA95-E910A120A003} = {F9F2FFEB-729B-4450-960B-A3A831AC1E8D}
	EndGlobalSection
EndGlobal
